schema: '2.0'
stages:
  data_ingestion:
    cmd: python src/data_ingestion.py
    deps:
    - path: src/data_ingestion.py
      hash: md5
      md5: 120fc269da8ac6b93fb07f93a8f36b25
      size: 3555
    params:
      params.yaml:
        data_ingestion.test_size: 0.15
    outs:
    - path: data/raw
      hash: md5
      md5: a15ba66afdf82f8659b031b175286ed3.dir
      size: 484846
      nfiles: 2
  data_preprocessing:
    cmd: python src/data_preprocessing.py
    deps:
    - path: data/raw
      hash: md5
      md5: a15ba66afdf82f8659b031b175286ed3.dir
      size: 484846
      nfiles: 2
    - path: src/data_preprocessing.py
      hash: md5
      md5: 0addd1f2f933e0935fb703889f5829ba
      size: 3321
    outs:
    - path: data/interim
      hash: md5
      md5: d1d599e36027f34fdbeabe404f65d29c.dir
      size: 283344
      nfiles: 2
  feature_engineering:
    cmd: python src/feature_engineering.py
    deps:
    - path: data/interim
      hash: md5
      md5: d1d599e36027f34fdbeabe404f65d29c.dir
      size: 283344
      nfiles: 2
    - path: src/feature_engineering.py
      hash: md5
      md5: b813e8d0fa998c58a014574ca477712f
      size: 3158
    params:
      params.yaml:
        feature_engineering.max_features: 45
    outs:
    - path: data/processed
      hash: md5
      md5: 2f83203af9862fcb3cbcbd03d6388b42.dir
      size: 1177163
      nfiles: 2
  model_building:
    cmd: python src/model_building.py
    deps:
    - path: data/processed
      hash: md5
      md5: 2f83203af9862fcb3cbcbd03d6388b42.dir
      size: 1177163
      nfiles: 2
    - path: src/model_building.py
      hash: md5
      md5: 0fd884cb9805bcd36af1d610d9aa9cb4
      size: 4639
    params:
      params.yaml:
        model_building.n_estimators: 2
        model_building.random_state: 2
    outs:
    - path: models/model.pkl
      hash: md5
      md5: a51db4d5c6cd8109900831c47ae1d3e8
      size: 85614
  model_evaluation:
    cmd: python src/model_evaluation.py
    deps:
    - path: models/model.pkl
      hash: md5
      md5: a51db4d5c6cd8109900831c47ae1d3e8
      size: 85614
    - path: src/model_evaluation.py
      hash: md5
      md5: ec4a6db50d59dca1df448dea524f6490
      size: 3662
    outs:
    - path: reports/metrics.json
      hash: md5
      md5: 67aff0f0fe98ce971d4766f67c15181e
      size: 132
